
Microsoft Visual Studio Solution File, Format Version 12.00
Project("{FAE04EC0-301F-11D3-BF4B-00C04F79EFBC}") = "App", "App\App.csproj", "{D739D7B8-3602-40DD-B2B9-CE008620CEC9}"
EndProject
Project("{FAE04EC0-301F-11D3-BF4B-00C04F79EFBC}") = "PresenterBase", "PresenterBase\PresenterBase.csproj", "{58F533A2-2B71-4C4A-997A-F7E8D618CAFB}"
EndProject
Project("{FAE04EC0-301F-11D3-BF4B-00C04F79EFBC}") = "TopPanel", "TopPanel\TopPanel.csproj", "{B552E486-108E-4916-9A1C-D22A8328E824}"
EndProject
Project("{FAE04EC0-301F-11D3-BF4B-00C04F79EFBC}") = "ControlExt", "ControlExt\ControlExt.csproj", "{382B502E-80E4-4D45-9083-DADF4CD56337}"
EndProject
Project("{2150E333-8FDC-42A3-9474-1A3956D46DE8}") = "Infra", "Infra", "{925DEBE2-70FF-4CAB-9B82-756C650A496B}"
EndProject
Project("{FAE04EC0-301F-11D3-BF4B-00C04F79EFBC}") = "PageTabs", "PageTabs\PageTabs.csproj", "{DC4D0F98-600B-4416-9071-F4439D80351A}"
EndProject
Global
	GlobalSection(SolutionConfigurationPlatforms) = preSolution
		Debug|Any CPU = Debug|Any CPU
		Release|Any CPU = Release|Any CPU
	EndGlobalSection
	GlobalSection(ProjectConfigurationPlatforms) = postSolution
		{D739D7B8-3602-40DD-B2B9-CE008620CEC9}.Debug|Any CPU.ActiveCfg = Debug|Any CPU
		{D739D7B8-3602-40DD-B2B9-CE008620CEC9}.Debug|Any CPU.Build.0 = Debug|Any CPU
		{D739D7B8-3602-40DD-B2B9-CE008620CEC9}.Release|Any CPU.ActiveCfg = Release|Any CPU
		{D739D7B8-3602-40DD-B2B9-CE008620CEC9}.Release|Any CPU.Build.0 = Release|Any CPU
		{58F533A2-2B71-4C4A-997A-F7E8D618CAFB}.Debug|Any CPU.ActiveCfg = Debug|Any CPU
		{58F533A2-2B71-4C4A-997A-F7E8D618CAFB}.Debug|Any CPU.Build.0 = Debug|Any CPU
		{58F533A2-2B71-4C4A-997A-F7E8D618CAFB}.Release|Any CPU.ActiveCfg = Release|Any CPU
		{58F533A2-2B71-4C4A-997A-F7E8D618CAFB}.Release|Any CPU.Build.0 = Release|Any CPU
		{B552E486-108E-4916-9A1C-D22A8328E824}.Debug|Any CPU.ActiveCfg = Debug|Any CPU
		{B552E486-108E-4916-9A1C-D22A8328E824}.Debug|Any CPU.Build.0 = Debug|Any CPU
		{B552E486-108E-4916-9A1C-D22A8328E824}.Release|Any CPU.ActiveCfg = Release|Any CPU
		{B552E486-108E-4916-9A1C-D22A8328E824}.Release|Any CPU.Build.0 = Release|Any CPU
		{382B502E-80E4-4D45-9083-DADF4CD56337}.Debug|Any CPU.ActiveCfg = Debug|Any CPU
		{382B502E-80E4-4D45-9083-DADF4CD56337}.Debug|Any CPU.Build.0 = Debug|Any CPU
		{382B502E-80E4-4D45-9083-DADF4CD56337}.Release|Any CPU.ActiveCfg = Release|Any CPU
		{382B502E-80E4-4D45-9083-DADF4CD56337}.Release|Any CPU.Build.0 = Release|Any CPU
		{DC4D0F98-600B-4416-9071-F4439D80351A}.Debug|Any CPU.ActiveCfg = Debug|Any CPU
		{DC4D0F98-600B-4416-9071-F4439D80351A}.Debug|Any CPU.Build.0 = Debug|Any CPU
		{DC4D0F98-600B-4416-9071-F4439D80351A}.Release|Any CPU.ActiveCfg = Release|Any CPU
		{DC4D0F98-600B-4416-9071-F4439D80351A}.Release|Any CPU.Build.0 = Release|Any CPU
	EndGlobalSection
	GlobalSection(NestedProjects) = preSolution
		{382B502E-80E4-4D45-9083-DADF4CD56337} = {925DEBE2-70FF-4CAB-9B82-756C650A496B}
		{58F533A2-2B71-4C4A-997A-F7E8D618CAFB} = {925DEBE2-70FF-4CAB-9B82-756C650A496B}
	EndGlobalSection
EndGlobal
