
Microsoft Visual Studio Solution File, Format Version 12.00
Project("{FAE04EC0-301F-11D3-BF4B-00C04F79EFBC}") = "App", "App\App.csproj", "{D739D7B8-3602-40DD-B2B9-CE008620CEC9}"
EndProject
Project("{FAE04EC0-301F-11D3-BF4B-00C04F79EFBC}") = "TopPanel", "TopPanel\TopPanel.csproj", "{B552E486-108E-4916-9A1C-D22A8328E824}"
EndProject
Project("{FAE04EC0-301F-11D3-BF4B-00C04F79EFBC}") = "PageTabs", "PageTabs\PageTabs.csproj", "{DC4D0F98-600B-4416-9071-F4439D80351A}"
EndProject
Project("{2150E333-8FDC-42A3-9474-1A3956D46DE8}") = "Infra", "Infra", "{D4BE78D7-6266-4B99-8BDD-A13EB0171C4E}"
EndProject
Project("{FAE04EC0-301F-11D3-BF4B-00C04F79EFBC}") = "PresenterBase", "Infra\PresenterBase\PresenterBase.csproj", "{125E2EAF-CFA6-42AA-8C2E-3C901D05367F}"
EndProject
Project("{FAE04EC0-301F-11D3-BF4B-00C04F79EFBC}") = "ControlExt", "Infra\ControlExt\ControlExt.csproj", "{B96DE007-83E0-4E33-806D-71E153D38CCF}"
EndProject
Global
	GlobalSection(SolutionConfigurationPlatforms) = preSolution
		Debug|Any CPU = Debug|Any CPU
		Release|Any CPU = Release|Any CPU
	EndGlobalSection
	GlobalSection(ProjectConfigurationPlatforms) = postSolution
		{D739D7B8-3602-40DD-B2B9-CE008620CEC9}.Debug|Any CPU.ActiveCfg = Debug|Any CPU
		{D739D7B8-3602-40DD-B2B9-CE008620CEC9}.Debug|Any CPU.Build.0 = Debug|Any CPU
		{D739D7B8-3602-40DD-B2B9-CE008620CEC9}.Release|Any CPU.ActiveCfg = Release|Any CPU
		{D739D7B8-3602-40DD-B2B9-CE008620CEC9}.Release|Any CPU.Build.0 = Release|Any CPU
		{B552E486-108E-4916-9A1C-D22A8328E824}.Debug|Any CPU.ActiveCfg = Debug|Any CPU
		{B552E486-108E-4916-9A1C-D22A8328E824}.Debug|Any CPU.Build.0 = Debug|Any CPU
		{B552E486-108E-4916-9A1C-D22A8328E824}.Release|Any CPU.ActiveCfg = Release|Any CPU
		{B552E486-108E-4916-9A1C-D22A8328E824}.Release|Any CPU.Build.0 = Release|Any CPU
		{DC4D0F98-600B-4416-9071-F4439D80351A}.Debug|Any CPU.ActiveCfg = Debug|Any CPU
		{DC4D0F98-600B-4416-9071-F4439D80351A}.Debug|Any CPU.Build.0 = Debug|Any CPU
		{DC4D0F98-600B-4416-9071-F4439D80351A}.Release|Any CPU.ActiveCfg = Release|Any CPU
		{DC4D0F98-600B-4416-9071-F4439D80351A}.Release|Any CPU.Build.0 = Release|Any CPU
		{125E2EAF-CFA6-42AA-8C2E-3C901D05367F}.Debug|Any CPU.ActiveCfg = Debug|Any CPU
		{125E2EAF-CFA6-42AA-8C2E-3C901D05367F}.Debug|Any CPU.Build.0 = Debug|Any CPU
		{125E2EAF-CFA6-42AA-8C2E-3C901D05367F}.Release|Any CPU.ActiveCfg = Release|Any CPU
		{125E2EAF-CFA6-42AA-8C2E-3C901D05367F}.Release|Any CPU.Build.0 = Release|Any CPU
		{B96DE007-83E0-4E33-806D-71E153D38CCF}.Debug|Any CPU.ActiveCfg = Debug|Any CPU
		{B96DE007-83E0-4E33-806D-71E153D38CCF}.Debug|Any CPU.Build.0 = Debug|Any CPU
		{B96DE007-83E0-4E33-806D-71E153D38CCF}.Release|Any CPU.ActiveCfg = Release|Any CPU
		{B96DE007-83E0-4E33-806D-71E153D38CCF}.Release|Any CPU.Build.0 = Release|Any CPU
	EndGlobalSection
	GlobalSection(NestedProjects) = preSolution
		{125E2EAF-CFA6-42AA-8C2E-3C901D05367F} = {D4BE78D7-6266-4B99-8BDD-A13EB0171C4E}
		{B96DE007-83E0-4E33-806D-71E153D38CCF} = {D4BE78D7-6266-4B99-8BDD-A13EB0171C4E}
	EndGlobalSection
EndGlobal
