
Microsoft Visual Studio Solution File, Format Version 12.00
Project("{FAE04EC0-301F-11D3-BF4B-00C04F79EFBC}") = "Browser.App.Wpf", "Browser.App.Wpf\Browser.App.Wpf.csproj", "{D739D7B8-3602-40DD-B2B9-CE008620CEC9}"
EndProject
Project("{FAE04EC0-301F-11D3-BF4B-00C04F79EFBC}") = "Browser.TopPanel.Wpf", "Browser.TopPanel.Wpf\Browser.TopPanel.Wpf.csproj", "{B552E486-108E-4916-9A1C-D22A8328E824}"
EndProject
Project("{2150E333-8FDC-42A3-9474-1A3956D46DE8}") = "Infra", "Infra", "{D4BE78D7-6266-4B99-8BDD-A13EB0171C4E}"
EndProject
Project("{FAE04EC0-301F-11D3-BF4B-00C04F79EFBC}") = "PresenterBase", "Infra\PresenterBase\PresenterBase.csproj", "{125E2EAF-CFA6-42AA-8C2E-3C901D05367F}"
EndProject
Project("{FAE04EC0-301F-11D3-BF4B-00C04F79EFBC}") = "Reactive.Extensions", "Infra\Reactive.Extensions\Reactive.Extensions.csproj", "{B2857F33-B561-4233-9240-56C427976EAB}"
EndProject
Project("{FAE04EC0-301F-11D3-BF4B-00C04F79EFBC}") = "Disposable", "Infra\Disposable\Disposable.csproj", "{8E10ADBD-F5BA-43CB-9EBD-D413BF353761}"
EndProject
Project("{FAE04EC0-301F-11D3-BF4B-00C04F79EFBC}") = "Browser.WebPage.Wpf", "Browser.WebPage.Wpf\Browser.WebPage.Wpf.csproj", "{56E00A1A-1218-4240-BCDD-FFEBF6684F5B}"
EndProject
Project("{2150E333-8FDC-42A3-9474-1A3956D46DE8}") = "Tests", "Tests", "{B5C61E3B-447D-45E2-B008-A4C00254B7DF}"
EndProject
Project("{FAE04EC0-301F-11D3-BF4B-00C04F79EFBC}") = "Browser.Settings", "Core\Browser.Settings\Browser.Settings.csproj", "{4D6EBDAB-43FA-448A-B9EA-6E0D5BCA2D19}"
EndProject
Project("{2150E333-8FDC-42A3-9474-1A3956D46DE8}") = "Core", "Core", "{66004DC6-3A10-4421-AF3D-BD18E613C4AA}"
EndProject
Project("{FAE04EC0-301F-11D3-BF4B-00C04F79EFBC}") = "Browser.Abstractions", "Core\Browser.Abstractions\Browser.Abstractions.csproj", "{4A83F34C-C77E-4960-B30C-9F9EEAEB4A5C}"
EndProject
Project("{FAE04EC0-301F-11D3-BF4B-00C04F79EFBC}") = "Browser.Messenger", "Core\Browser.Messenger\Browser.Messenger.csproj", "{41CF83CB-3F5A-4D81-98FA-3149DAAF4EE7}"
EndProject
Project("{FAE04EC0-301F-11D3-BF4B-00C04F79EFBC}") = "Browser.Core", "Core\Browser.Core\Browser.Core.csproj", "{FD261FF3-E470-49F7-AFF9-A0B8387BAD8C}"
EndProject
Project("{FAE04EC0-301F-11D3-BF4B-00C04F79EFBC}") = "Browser.Core.Tests", "..\Tests\Browser.Core.Tests\Browser.Core.Tests.csproj", "{FF731697-A3DA-40BA-A7F7-5B6FB73BA950}"
EndProject
Project("{FAE04EC0-301F-11D3-BF4B-00C04F79EFBC}") = "Browser.WebPage.Tests", "..\Tests\Browser.WebPage.Tests\Browser.WebPage.Tests.csproj", "{830E1091-6A16-46D2-AD7C-461A0EFA42D8}"
EndProject
Global
	GlobalSection(SolutionConfigurationPlatforms) = preSolution
		Debug|Any CPU = Debug|Any CPU
		Release|Any CPU = Release|Any CPU
	EndGlobalSection
	GlobalSection(ProjectConfigurationPlatforms) = postSolution
		{D739D7B8-3602-40DD-B2B9-CE008620CEC9}.Debug|Any CPU.ActiveCfg = Debug|Any CPU
		{D739D7B8-3602-40DD-B2B9-CE008620CEC9}.Debug|Any CPU.Build.0 = Debug|Any CPU
		{D739D7B8-3602-40DD-B2B9-CE008620CEC9}.Release|Any CPU.ActiveCfg = Release|Any CPU
		{D739D7B8-3602-40DD-B2B9-CE008620CEC9}.Release|Any CPU.Build.0 = Release|Any CPU
		{B552E486-108E-4916-9A1C-D22A8328E824}.Debug|Any CPU.ActiveCfg = Debug|Any CPU
		{B552E486-108E-4916-9A1C-D22A8328E824}.Debug|Any CPU.Build.0 = Debug|Any CPU
		{B552E486-108E-4916-9A1C-D22A8328E824}.Release|Any CPU.ActiveCfg = Release|Any CPU
		{B552E486-108E-4916-9A1C-D22A8328E824}.Release|Any CPU.Build.0 = Release|Any CPU
		{125E2EAF-CFA6-42AA-8C2E-3C901D05367F}.Debug|Any CPU.ActiveCfg = Debug|Any CPU
		{125E2EAF-CFA6-42AA-8C2E-3C901D05367F}.Debug|Any CPU.Build.0 = Debug|Any CPU
		{125E2EAF-CFA6-42AA-8C2E-3C901D05367F}.Release|Any CPU.ActiveCfg = Release|Any CPU
		{125E2EAF-CFA6-42AA-8C2E-3C901D05367F}.Release|Any CPU.Build.0 = Release|Any CPU
		{B2857F33-B561-4233-9240-56C427976EAB}.Debug|Any CPU.ActiveCfg = Debug|Any CPU
		{B2857F33-B561-4233-9240-56C427976EAB}.Debug|Any CPU.Build.0 = Debug|Any CPU
		{B2857F33-B561-4233-9240-56C427976EAB}.Release|Any CPU.ActiveCfg = Release|Any CPU
		{B2857F33-B561-4233-9240-56C427976EAB}.Release|Any CPU.Build.0 = Release|Any CPU
		{8E10ADBD-F5BA-43CB-9EBD-D413BF353761}.Debug|Any CPU.ActiveCfg = Debug|Any CPU
		{8E10ADBD-F5BA-43CB-9EBD-D413BF353761}.Debug|Any CPU.Build.0 = Debug|Any CPU
		{8E10ADBD-F5BA-43CB-9EBD-D413BF353761}.Release|Any CPU.ActiveCfg = Release|Any CPU
		{8E10ADBD-F5BA-43CB-9EBD-D413BF353761}.Release|Any CPU.Build.0 = Release|Any CPU
		{56E00A1A-1218-4240-BCDD-FFEBF6684F5B}.Debug|Any CPU.ActiveCfg = Debug|Any CPU
		{56E00A1A-1218-4240-BCDD-FFEBF6684F5B}.Debug|Any CPU.Build.0 = Debug|Any CPU
		{56E00A1A-1218-4240-BCDD-FFEBF6684F5B}.Release|Any CPU.ActiveCfg = Release|Any CPU
		{56E00A1A-1218-4240-BCDD-FFEBF6684F5B}.Release|Any CPU.Build.0 = Release|Any CPU
		{4D6EBDAB-43FA-448A-B9EA-6E0D5BCA2D19}.Debug|Any CPU.ActiveCfg = Debug|Any CPU
		{4D6EBDAB-43FA-448A-B9EA-6E0D5BCA2D19}.Debug|Any CPU.Build.0 = Debug|Any CPU
		{4D6EBDAB-43FA-448A-B9EA-6E0D5BCA2D19}.Release|Any CPU.ActiveCfg = Release|Any CPU
		{4D6EBDAB-43FA-448A-B9EA-6E0D5BCA2D19}.Release|Any CPU.Build.0 = Release|Any CPU
		{4A83F34C-C77E-4960-B30C-9F9EEAEB4A5C}.Debug|Any CPU.ActiveCfg = Debug|Any CPU
		{4A83F34C-C77E-4960-B30C-9F9EEAEB4A5C}.Debug|Any CPU.Build.0 = Debug|Any CPU
		{4A83F34C-C77E-4960-B30C-9F9EEAEB4A5C}.Release|Any CPU.ActiveCfg = Release|Any CPU
		{4A83F34C-C77E-4960-B30C-9F9EEAEB4A5C}.Release|Any CPU.Build.0 = Release|Any CPU
		{41CF83CB-3F5A-4D81-98FA-3149DAAF4EE7}.Debug|Any CPU.ActiveCfg = Debug|Any CPU
		{41CF83CB-3F5A-4D81-98FA-3149DAAF4EE7}.Debug|Any CPU.Build.0 = Debug|Any CPU
		{41CF83CB-3F5A-4D81-98FA-3149DAAF4EE7}.Release|Any CPU.ActiveCfg = Release|Any CPU
		{41CF83CB-3F5A-4D81-98FA-3149DAAF4EE7}.Release|Any CPU.Build.0 = Release|Any CPU
		{FD261FF3-E470-49F7-AFF9-A0B8387BAD8C}.Debug|Any CPU.ActiveCfg = Debug|Any CPU
		{FD261FF3-E470-49F7-AFF9-A0B8387BAD8C}.Debug|Any CPU.Build.0 = Debug|Any CPU
		{FD261FF3-E470-49F7-AFF9-A0B8387BAD8C}.Release|Any CPU.ActiveCfg = Release|Any CPU
		{FD261FF3-E470-49F7-AFF9-A0B8387BAD8C}.Release|Any CPU.Build.0 = Release|Any CPU
		{FF731697-A3DA-40BA-A7F7-5B6FB73BA950}.Debug|Any CPU.ActiveCfg = Debug|Any CPU
		{FF731697-A3DA-40BA-A7F7-5B6FB73BA950}.Debug|Any CPU.Build.0 = Debug|Any CPU
		{FF731697-A3DA-40BA-A7F7-5B6FB73BA950}.Release|Any CPU.ActiveCfg = Release|Any CPU
		{FF731697-A3DA-40BA-A7F7-5B6FB73BA950}.Release|Any CPU.Build.0 = Release|Any CPU
		{830E1091-6A16-46D2-AD7C-461A0EFA42D8}.Debug|Any CPU.ActiveCfg = Debug|Any CPU
		{830E1091-6A16-46D2-AD7C-461A0EFA42D8}.Debug|Any CPU.Build.0 = Debug|Any CPU
		{830E1091-6A16-46D2-AD7C-461A0EFA42D8}.Release|Any CPU.ActiveCfg = Release|Any CPU
		{830E1091-6A16-46D2-AD7C-461A0EFA42D8}.Release|Any CPU.Build.0 = Release|Any CPU
	EndGlobalSection
	GlobalSection(NestedProjects) = preSolution
		{125E2EAF-CFA6-42AA-8C2E-3C901D05367F} = {D4BE78D7-6266-4B99-8BDD-A13EB0171C4E}
		{B2857F33-B561-4233-9240-56C427976EAB} = {D4BE78D7-6266-4B99-8BDD-A13EB0171C4E}
		{8E10ADBD-F5BA-43CB-9EBD-D413BF353761} = {D4BE78D7-6266-4B99-8BDD-A13EB0171C4E}
		{4D6EBDAB-43FA-448A-B9EA-6E0D5BCA2D19} = {66004DC6-3A10-4421-AF3D-BD18E613C4AA}
		{4A83F34C-C77E-4960-B30C-9F9EEAEB4A5C} = {66004DC6-3A10-4421-AF3D-BD18E613C4AA}
		{41CF83CB-3F5A-4D81-98FA-3149DAAF4EE7} = {66004DC6-3A10-4421-AF3D-BD18E613C4AA}
		{FD261FF3-E470-49F7-AFF9-A0B8387BAD8C} = {66004DC6-3A10-4421-AF3D-BD18E613C4AA}
		{FF731697-A3DA-40BA-A7F7-5B6FB73BA950} = {B5C61E3B-447D-45E2-B008-A4C00254B7DF}
		{830E1091-6A16-46D2-AD7C-461A0EFA42D8} = {B5C61E3B-447D-45E2-B008-A4C00254B7DF}
	EndGlobalSection
EndGlobal
